// !$*UTF8*$!
{
	archiveVersion = 1;
	classes = {
	};
	objectVersion = 54;
	objects = {

/* Begin PBXBuildFile section */
		03160C11191D4E53BA8F603A /* Roboto-Bold.ttf in Resources */ = {isa = PBXBuildFile; fileRef = BCE17901B31641D5BA4C8D78 /* Roboto-Bold.ttf */; };
		07268A9F31234F3B87E14AF7 /* Poppins-Italic.ttf in Resources */ = {isa = PBXBuildFile; fileRef = 9EE564D4671B4CDA976121B6 /* Poppins-Italic.ttf */; };
		0C80B921A6F3F58F76C31292 /* libPods-tallo.a in Frameworks */ = {isa = PBXBuildFile; fileRef = 5DCACB8F33CDC322A6C60F78 /* libPods-tallo.a */; };
		0D0B5CA6884D4B41BFC336EA /* Roboto-Black.ttf in Resources */ = {isa = PBXBuildFile; fileRef = E4B1E22A71B54273841B6C2E /* Roboto-Black.ttf */; };
		13B07FBF1A68108700A75B9A /* Images.xcassets in Resources */ = {isa = PBXBuildFile; fileRef = 13B07FB51A68108700A75B9A /* Images.xcassets */; };
		163EF6B891434776AB5DFE87 /* Poppins-Medium.ttf in Resources */ = {isa = PBXBuildFile; fileRef = 75518AC5A8204CB6BE99A479 /* Poppins-Medium.ttf */; };
		1A841FEF7E3C4C1F83ED2087 /* Roboto-Medium.ttf in Resources */ = {isa = PBXBuildFile; fileRef = 46F80EB23A6A4EB384500672 /* Roboto-Medium.ttf */; };
		1EA8D0845B9B42589685026A /* Poppins-Regular.ttf in Resources */ = {isa = PBXBuildFile; fileRef = DA7AFC2A77034AAE9763FE0F /* Poppins-Regular.ttf */; };
		3A29FBE3F78D42D79331B745 /* Poppins-ExtraBoldItalic.ttf in Resources */ = {isa = PBXBuildFile; fileRef = 058C15EF7FCD445C94C2428A /* Poppins-ExtraBoldItalic.ttf */; };
		467EC9E426634745ADAD7D4D /* SimpleLineIcons.ttf in Resources */ = {isa = PBXBuildFile; fileRef = 874238854FBB4A879A868D3C /* SimpleLineIcons.ttf */; };
		51EF9D39BD5E43F3898D554D /* Poppins-Bold.ttf in Resources */ = {isa = PBXBuildFile; fileRef = B3F8EE9BD2C24DCE92307D86 /* Poppins-Bold.ttf */; };
		643318AC5D7D49C0B563F8FD /* Roboto-Regular.ttf in Resources */ = {isa = PBXBuildFile; fileRef = B68620F83A2A4E92B0011B76 /* Roboto-Regular.ttf */; };
		649F746363914D91998A296D /* Poppins-SemiBoldItalic.ttf in Resources */ = {isa = PBXBuildFile; fileRef = 91FE38EFE8244D9EA6CE3DBB /* Poppins-SemiBoldItalic.ttf */; };
		65474746C90D4289852E61DA /* Poppins-Light.ttf in Resources */ = {isa = PBXBuildFile; fileRef = 640C092F627240549BCDDBBC /* Poppins-Light.ttf */; };
		74E761FBB74D4747AF3FE372 /* Poppins-ExtraLight.ttf in Resources */ = {isa = PBXBuildFile; fileRef = AF8CE41E3ADE46938839F37B /* Poppins-ExtraLight.ttf */; };
		761780ED2CA45674006654EE /* AppDelegate.swift in Sources */ = {isa = PBXBuildFile; fileRef = 761780EC2CA45674006654EE /* AppDelegate.swift */; };
		7989E4340F88437DA5253C56 /* Zocial.ttf in Resources */ = {isa = PBXBuildFile; fileRef = 1B9454C2F9034AE19A537448 /* Zocial.ttf */; };
		7CA5461250DF4F89ACC14DF6 /* Poppins-Thin.ttf in Resources */ = {isa = PBXBuildFile; fileRef = 556EE19B431E4B0298592853 /* Poppins-Thin.ttf */; };
		80ECAE69C7864425993DD1F3 /* Roboto-Light.ttf in Resources */ = {isa = PBXBuildFile; fileRef = 4994A640711E411490E6D3AB /* Roboto-Light.ttf */; };
		81AB9BB82411601600AC10FF /* LaunchScreen.storyboard in Resources */ = {isa = PBXBuildFile; fileRef = 81AB9BB72411601600AC10FF /* LaunchScreen.storyboard */; };
		88125D6B924C4FC2B15675FA /* Poppins-BlackItalic.ttf in Resources */ = {isa = PBXBuildFile; fileRef = 73F562D2B8D9466BB784E8C7 /* Poppins-BlackItalic.ttf */; };
		8A9E8E74D5B04B57938FB7C8 /* Poppins-MediumItalic.ttf in Resources */ = {isa = PBXBuildFile; fileRef = 5CE4256188E344C4A8B57736 /* Poppins-MediumItalic.ttf */; };
		B087C04C57B34560A2DD3794 /* Poppins-ExtraBold.ttf in Resources */ = {isa = PBXBuildFile; fileRef = 83A7811A26D44CE6BC4A3CAD /* Poppins-ExtraBold.ttf */; };
		B37DCE92CBF741B5BC5C136A /* Poppins-SemiBold.ttf in Resources */ = {isa = PBXBuildFile; fileRef = 24C4DB2DC0BD43EDA81F45BC /* Poppins-SemiBold.ttf */; };
		B4B42254DB3F4E289FA6505C /* Poppins-ExtraLightItalic.ttf in Resources */ = {isa = PBXBuildFile; fileRef = BCEA5FE0C32A4756B363E198 /* Poppins-ExtraLightItalic.ttf */; };
		B56B58CD9F184CA999646807 /* Poppins-ThinItalic.ttf in Resources */ = {isa = PBXBuildFile; fileRef = 9B4826AD7B714E5D88D936F6 /* Poppins-ThinItalic.ttf */; };
		B5FDC5213F3ED6A1997E7B66 /* PrivacyInfo.xcprivacy in Resources */ = {isa = PBXBuildFile; fileRef = 13B07FB81A68108700A75B9A /* PrivacyInfo.xcprivacy */; };
		C57FCC2E44604B0E8B60BA06 /* Roboto-Thin.ttf in Resources */ = {isa = PBXBuildFile; fileRef = 7C3BD516C0764107A3C9FBCB /* Roboto-Thin.ttf */; };
		CE230BCFE5E94BDCB77A3073 /* Poppins-BoldItalic.ttf in Resources */ = {isa = PBXBuildFile; fileRef = E64823F3918E4CF8A2BB55FF /* Poppins-BoldItalic.ttf */; };
		E0D600DEB0AF48FE94C4FA75 /* Poppins-Black.ttf in Resources */ = {isa = PBXBuildFile; fileRef = BB64CEC3B6694A52BFD1B739 /* Poppins-Black.ttf */; };
		E7412BED394547839F048D05 /* Poppins-LightItalic.ttf in Resources */ = {isa = PBXBuildFile; fileRef = 70E2003D7B2548509837667D /* Poppins-LightItalic.ttf */; };
/* End PBXBuildFile section */

/* Begin PBXFileReference section */
		058C15EF7FCD445C94C2428A /* Poppins-ExtraBoldItalic.ttf */ = {isa = PBXFileReference; explicitFileType = undefined; fileEncoding = 9; includeInIndex = 0; lastKnownFileType = unknown; name = "Poppins-ExtraBoldItalic.ttf"; path = "../../shared-libs/assets/fonts/Poppins-ExtraBoldItalic.ttf"; sourceTree = "<group>"; };
		13B07F961A680F5B00A75B9A /* tallo.app */ = {isa = PBXFileReference; explicitFileType = wrapper.application; includeInIndex = 0; path = tallo.app; sourceTree = BUILT_PRODUCTS_DIR; };
		13B07FB51A68108700A75B9A /* Images.xcassets */ = {isa = PBXFileReference; lastKnownFileType = folder.assetcatalog; name = Images.xcassets; path = tallo/Images.xcassets; sourceTree = "<group>"; };
		13B07FB61A68108700A75B9A /* Info.plist */ = {isa = PBXFileReference; fileEncoding = 4; lastKnownFileType = text.plist.xml; name = Info.plist; path = tallo/Info.plist; sourceTree = "<group>"; };
		13B07FB81A68108700A75B9A /* PrivacyInfo.xcprivacy */ = {isa = PBXFileReference; fileEncoding = 4; lastKnownFileType = text.plist.xml; name = PrivacyInfo.xcprivacy; path = tallo/PrivacyInfo.xcprivacy; sourceTree = "<group>"; };
		1B9454C2F9034AE19A537448 /* Zocial.ttf */ = {isa = PBXFileReference; explicitFileType = undefined; fileEncoding = 9; includeInIndex = 0; lastKnownFileType = unknown; name = Zocial.ttf; path = "../../shared-libs/assets/fonts/Zocial.ttf"; sourceTree = "<group>"; };
		24C4DB2DC0BD43EDA81F45BC /* Poppins-SemiBold.ttf */ = {isa = PBXFileReference; explicitFileType = undefined; fileEncoding = 9; includeInIndex = 0; lastKnownFileType = unknown; name = "Poppins-SemiBold.ttf"; path = "../../shared-libs/assets/fonts/Poppins-SemiBold.ttf"; sourceTree = "<group>"; };
		3B4392A12AC88292D35C810B /* Pods-tallo.debug.xcconfig */ = {isa = PBXFileReference; includeInIndex = 1; lastKnownFileType = text.xcconfig; name = "Pods-tallo.debug.xcconfig"; path = "Target Support Files/Pods-tallo/Pods-tallo.debug.xcconfig"; sourceTree = "<group>"; };
		46F80EB23A6A4EB384500672 /* Roboto-Medium.ttf */ = {isa = PBXFileReference; explicitFileType = undefined; fileEncoding = 9; includeInIndex = 0; lastKnownFileType = unknown; name = "Roboto-Medium.ttf"; path = "../../shared-libs/assets/fonts/Roboto-Medium.ttf"; sourceTree = "<group>"; };
		4994A640711E411490E6D3AB /* Roboto-Light.ttf */ = {isa = PBXFileReference; explicitFileType = undefined; fileEncoding = 9; includeInIndex = 0; lastKnownFileType = unknown; name = "Roboto-Light.ttf"; path = "../../shared-libs/assets/fonts/Roboto-Light.ttf"; sourceTree = "<group>"; };
		556EE19B431E4B0298592853 /* Poppins-Thin.ttf */ = {isa = PBXFileReference; explicitFileType = undefined; fileEncoding = 9; includeInIndex = 0; lastKnownFileType = unknown; name = "Poppins-Thin.ttf"; path = "../../shared-libs/assets/fonts/Poppins-Thin.ttf"; sourceTree = "<group>"; };
		5709B34CF0A7D63546082F79 /* Pods-tallo.release.xcconfig */ = {isa = PBXFileReference; includeInIndex = 1; lastKnownFileType = text.xcconfig; name = "Pods-tallo.release.xcconfig"; path = "Target Support Files/Pods-tallo/Pods-tallo.release.xcconfig"; sourceTree = "<group>"; };
		5CE4256188E344C4A8B57736 /* Poppins-MediumItalic.ttf */ = {isa = PBXFileReference; explicitFileType = undefined; fileEncoding = 9; includeInIndex = 0; lastKnownFileType = unknown; name = "Poppins-MediumItalic.ttf"; path = "../../shared-libs/assets/fonts/Poppins-MediumItalic.ttf"; sourceTree = "<group>"; };
		5DCACB8F33CDC322A6C60F78 /* libPods-tallo.a */ = {isa = PBXFileReference; explicitFileType = archive.ar; includeInIndex = 0; path = "libPods-tallo.a"; sourceTree = BUILT_PRODUCTS_DIR; };
		640C092F627240549BCDDBBC /* Poppins-Light.ttf */ = {isa = PBXFileReference; explicitFileType = undefined; fileEncoding = 9; includeInIndex = 0; lastKnownFileType = unknown; name = "Poppins-Light.ttf"; path = "../../shared-libs/assets/fonts/Poppins-Light.ttf"; sourceTree = "<group>"; };
		70E2003D7B2548509837667D /* Poppins-LightItalic.ttf */ = {isa = PBXFileReference; explicitFileType = undefined; fileEncoding = 9; includeInIndex = 0; lastKnownFileType = unknown; name = "Poppins-LightItalic.ttf"; path = "../../shared-libs/assets/fonts/Poppins-LightItalic.ttf"; sourceTree = "<group>"; };
		73F562D2B8D9466BB784E8C7 /* Poppins-BlackItalic.ttf */ = {isa = PBXFileReference; explicitFileType = undefined; fileEncoding = 9; includeInIndex = 0; lastKnownFileType = unknown; name = "Poppins-BlackItalic.ttf"; path = "../../shared-libs/assets/fonts/Poppins-BlackItalic.ttf"; sourceTree = "<group>"; };
		75518AC5A8204CB6BE99A479 /* Poppins-Medium.ttf */ = {isa = PBXFileReference; explicitFileType = undefined; fileEncoding = 9; includeInIndex = 0; lastKnownFileType = unknown; name = "Poppins-Medium.ttf"; path = "../../shared-libs/assets/fonts/Poppins-Medium.ttf"; sourceTree = "<group>"; };
		761780EC2CA45674006654EE /* AppDelegate.swift */ = {isa = PBXFileReference; lastKnownFileType = sourcecode.swift; name = AppDelegate.swift; path = tallo/AppDelegate.swift; sourceTree = "<group>"; };
		7C3BD516C0764107A3C9FBCB /* Roboto-Thin.ttf */ = {isa = PBXFileReference; explicitFileType = undefined; fileEncoding = 9; includeInIndex = 0; lastKnownFileType = unknown; name = "Roboto-Thin.ttf"; path = "../../shared-libs/assets/fonts/Roboto-Thin.ttf"; sourceTree = "<group>"; };
		81AB9BB72411601600AC10FF /* LaunchScreen.storyboard */ = {isa = PBXFileReference; fileEncoding = 4; lastKnownFileType = file.storyboard; name = LaunchScreen.storyboard; path = tallo/LaunchScreen.storyboard; sourceTree = "<group>"; };
		83A7811A26D44CE6BC4A3CAD /* Poppins-ExtraBold.ttf */ = {isa = PBXFileReference; explicitFileType = undefined; fileEncoding = 9; includeInIndex = 0; lastKnownFileType = unknown; name = "Poppins-ExtraBold.ttf"; path = "../../shared-libs/assets/fonts/Poppins-ExtraBold.ttf"; sourceTree = "<group>"; };
		874238854FBB4A879A868D3C /* SimpleLineIcons.ttf */ = {isa = PBXFileReference; explicitFileType = undefined; fileEncoding = 9; includeInIndex = 0; lastKnownFileType = unknown; name = SimpleLineIcons.ttf; path = "../../shared-libs/assets/fonts/SimpleLineIcons.ttf"; sourceTree = "<group>"; };
		91FE38EFE8244D9EA6CE3DBB /* Poppins-SemiBoldItalic.ttf */ = {isa = PBXFileReference; explicitFileType = undefined; fileEncoding = 9; includeInIndex = 0; lastKnownFileType = unknown; name = "Poppins-SemiBoldItalic.ttf"; path = "../../shared-libs/assets/fonts/Poppins-SemiBoldItalic.ttf"; sourceTree = "<group>"; };
		9B4826AD7B714E5D88D936F6 /* Poppins-ThinItalic.ttf */ = {isa = PBXFileReference; explicitFileType = undefined; fileEncoding = 9; includeInIndex = 0; lastKnownFileType = unknown; name = "Poppins-ThinItalic.ttf"; path = "../../shared-libs/assets/fonts/Poppins-ThinItalic.ttf"; sourceTree = "<group>"; };
		9EE564D4671B4CDA976121B6 /* Poppins-Italic.ttf */ = {isa = PBXFileReference; explicitFileType = undefined; fileEncoding = 9; includeInIndex = 0; lastKnownFileType = unknown; name = "Poppins-Italic.ttf"; path = "../../shared-libs/assets/fonts/Poppins-Italic.ttf"; sourceTree = "<group>"; };
		AF8CE41E3ADE46938839F37B /* Poppins-ExtraLight.ttf */ = {isa = PBXFileReference; explicitFileType = undefined; fileEncoding = 9; includeInIndex = 0; lastKnownFileType = unknown; name = "Poppins-ExtraLight.ttf"; path = "../../shared-libs/assets/fonts/Poppins-ExtraLight.ttf"; sourceTree = "<group>"; };
		B3F8EE9BD2C24DCE92307D86 /* Poppins-Bold.ttf */ = {isa = PBXFileReference; explicitFileType = undefined; fileEncoding = 9; includeInIndex = 0; lastKnownFileType = unknown; name = "Poppins-Bold.ttf"; path = "../../shared-libs/assets/fonts/Poppins-Bold.ttf"; sourceTree = "<group>"; };
		B68620F83A2A4E92B0011B76 /* Roboto-Regular.ttf */ = {isa = PBXFileReference; explicitFileType = undefined; fileEncoding = 9; includeInIndex = 0; lastKnownFileType = unknown; name = "Roboto-Regular.ttf"; path = "../../shared-libs/assets/fonts/Roboto-Regular.ttf"; sourceTree = "<group>"; };
		BB64CEC3B6694A52BFD1B739 /* Poppins-Black.ttf */ = {isa = PBXFileReference; explicitFileType = undefined; fileEncoding = 9; includeInIndex = 0; lastKnownFileType = unknown; name = "Poppins-Black.ttf"; path = "../../shared-libs/assets/fonts/Poppins-Black.ttf"; sourceTree = "<group>"; };
		BCE17901B31641D5BA4C8D78 /* Roboto-Bold.ttf */ = {isa = PBXFileReference; explicitFileType = undefined; fileEncoding = 9; includeInIndex = 0; lastKnownFileType = unknown; name = "Roboto-Bold.ttf"; path = "../../shared-libs/assets/fonts/Roboto-Bold.ttf"; sourceTree = "<group>"; };
		BCEA5FE0C32A4756B363E198 /* Poppins-ExtraLightItalic.ttf */ = {isa = PBXFileReference; explicitFileType = undefined; fileEncoding = 9; includeInIndex = 0; lastKnownFileType = unknown; name = "Poppins-ExtraLightItalic.ttf"; path = "../../shared-libs/assets/fonts/Poppins-ExtraLightItalic.ttf"; sourceTree = "<group>"; };
		DA7AFC2A77034AAE9763FE0F /* Poppins-Regular.ttf */ = {isa = PBXFileReference; explicitFileType = undefined; fileEncoding = 9; includeInIndex = 0; lastKnownFileType = unknown; name = "Poppins-Regular.ttf"; path = "../../shared-libs/assets/fonts/Poppins-Regular.ttf"; sourceTree = "<group>"; };
		E4B1E22A71B54273841B6C2E /* Roboto-Black.ttf */ = {isa = PBXFileReference; explicitFileType = undefined; fileEncoding = 9; includeInIndex = 0; lastKnownFileType = unknown; name = "Roboto-Black.ttf"; path = "../../shared-libs/assets/fonts/Roboto-Black.ttf"; sourceTree = "<group>"; };
		E64823F3918E4CF8A2BB55FF /* Poppins-BoldItalic.ttf */ = {isa = PBXFileReference; explicitFileType = undefined; fileEncoding = 9; includeInIndex = 0; lastKnownFileType = unknown; name = "Poppins-BoldItalic.ttf"; path = "../../shared-libs/assets/fonts/Poppins-BoldItalic.ttf"; sourceTree = "<group>"; };
		ED297162215061F000B7C4FE /* JavaScriptCore.framework */ = {isa = PBXFileReference; lastKnownFileType = wrapper.framework; name = JavaScriptCore.framework; path = System/Library/Frameworks/JavaScriptCore.framework; sourceTree = SDKROOT; };
/* End PBXFileReference section */

/* Begin PBXFrameworksBuildPhase section */
		13B07F8C1A680F5B00A75B9A /* Frameworks */ = {
			isa = PBXFrameworksBuildPhase;
			buildActionMask = 2147483647;
			files = (
				0C80B921A6F3F58F76C31292 /* libPods-tallo.a in Frameworks */,
			);
			runOnlyForDeploymentPostprocessing = 0;
		};
/* End PBXFrameworksBuildPhase section */

/* Begin PBXGroup section */
		13B07FAE1A68108700A75B9A /* tallo */ = {
			isa = PBXGroup;
			children = (
				13B07FB51A68108700A75B9A /* Images.xcassets */,
				761780EC2CA45674006654EE /* AppDelegate.swift */,
				13B07FB61A68108700A75B9A /* Info.plist */,
				81AB9BB72411601600AC10FF /* LaunchScreen.storyboard */,
				13B07FB81A68108700A75B9A /* PrivacyInfo.xcprivacy */,
			);
			name = tallo;
			sourceTree = "<group>";
		};
		2D16E6871FA4F8E400B85C8A /* Frameworks */ = {
			isa = PBXGroup;
			children = (
				ED297162215061F000B7C4FE /* JavaScriptCore.framework */,
				5DCACB8F33CDC322A6C60F78 /* libPods-tallo.a */,
			);
			name = Frameworks;
			sourceTree = "<group>";
		};
		6302E8D441C6434FA46B42DD /* Resources */ = {
			isa = PBXGroup;
			children = (
				BB64CEC3B6694A52BFD1B739 /* Poppins-Black.ttf */,
				73F562D2B8D9466BB784E8C7 /* Poppins-BlackItalic.ttf */,
				B3F8EE9BD2C24DCE92307D86 /* Poppins-Bold.ttf */,
				E64823F3918E4CF8A2BB55FF /* Poppins-BoldItalic.ttf */,
				83A7811A26D44CE6BC4A3CAD /* Poppins-ExtraBold.ttf */,
				058C15EF7FCD445C94C2428A /* Poppins-ExtraBoldItalic.ttf */,
				AF8CE41E3ADE46938839F37B /* Poppins-ExtraLight.ttf */,
				BCEA5FE0C32A4756B363E198 /* Poppins-ExtraLightItalic.ttf */,
				9EE564D4671B4CDA976121B6 /* Poppins-Italic.ttf */,
				640C092F627240549BCDDBBC /* Poppins-Light.ttf */,
				70E2003D7B2548509837667D /* Poppins-LightItalic.ttf */,
				75518AC5A8204CB6BE99A479 /* Poppins-Medium.ttf */,
				5CE4256188E344C4A8B57736 /* Poppins-MediumItalic.ttf */,
				DA7AFC2A77034AAE9763FE0F /* Poppins-Regular.ttf */,
				24C4DB2DC0BD43EDA81F45BC /* Poppins-SemiBold.ttf */,
				91FE38EFE8244D9EA6CE3DBB /* Poppins-SemiBoldItalic.ttf */,
				556EE19B431E4B0298592853 /* Poppins-Thin.ttf */,
				9B4826AD7B714E5D88D936F6 /* Poppins-ThinItalic.ttf */,
				E4B1E22A71B54273841B6C2E /* Roboto-Black.ttf */,
				BCE17901B31641D5BA4C8D78 /* Roboto-Bold.ttf */,
				4994A640711E411490E6D3AB /* Roboto-Light.ttf */,
				46F80EB23A6A4EB384500672 /* Roboto-Medium.ttf */,
				B68620F83A2A4E92B0011B76 /* Roboto-Regular.ttf */,
				7C3BD516C0764107A3C9FBCB /* Roboto-Thin.ttf */,
				874238854FBB4A879A868D3C /* SimpleLineIcons.ttf */,
				1B9454C2F9034AE19A537448 /* Zocial.ttf */,
			);
			name = Resources;
			sourceTree = "<group>";
		};
		832341AE1AAA6A7D00B99B32 /* Libraries */ = {
			isa = PBXGroup;
			children = (
			);
			name = Libraries;
			sourceTree = "<group>";
		};
		83CBB9F61A601CBA00E9B192 = {
			isa = PBXGroup;
			children = (
				13B07FAE1A68108700A75B9A /* tallo */,
				832341AE1AAA6A7D00B99B32 /* Libraries */,
				83CBBA001A601CBA00E9B192 /* Products */,
				2D16E6871FA4F8E400B85C8A /* Frameworks */,
				BBD78D7AC51CEA395F1C20DB /* Pods */,
				6302E8D441C6434FA46B42DD /* Resources */,
			);
			indentWidth = 2;
			sourceTree = "<group>";
			tabWidth = 2;
			usesTabs = 0;
		};
		83CBBA001A601CBA00E9B192 /* Products */ = {
			isa = PBXGroup;
			children = (
				13B07F961A680F5B00A75B9A /* tallo.app */,
			);
			name = Products;
			sourceTree = "<group>";
		};
		BBD78D7AC51CEA395F1C20DB /* Pods */ = {
			isa = PBXGroup;
			children = (
				3B4392A12AC88292D35C810B /* Pods-tallo.debug.xcconfig */,
				5709B34CF0A7D63546082F79 /* Pods-tallo.release.xcconfig */,
			);
			path = Pods;
			sourceTree = "<group>";
		};
/* End PBXGroup section */

/* Begin PBXNativeTarget section */
		13B07F861A680F5B00A75B9A /* tallo */ = {
			isa = PBXNativeTarget;
			buildConfigurationList = 13B07F931A680F5B00A75B9A /* Build configuration list for PBXNativeTarget "tallo" */;
			buildPhases = (
				C38B50BA6285516D6DCD4F65 /* [CP] Check Pods Manifest.lock */,
				13B07F871A680F5B00A75B9A /* Sources */,
				13B07F8C1A680F5B00A75B9A /* Frameworks */,
				13B07F8E1A680F5B00A75B9A /* Resources */,
				00DD1BFF1BD5951E006B06BC /* Bundle React Native code and images */,
				00EEFC60759A1932668264C0 /* [CP] Embed Pods Frameworks */,
				E235C05ADACE081382539298 /* [CP] Copy Pods Resources */,
			);
			buildRules = (
			);
			dependencies = (
			);
			name = tallo;
			productName = tallo;
			productReference = 13B07F961A680F5B00A75B9A /* tallo.app */;
			productType = "com.apple.product-type.application";
		};
/* End PBXNativeTarget section */

/* Begin PBXProject section */
		83CBB9F71A601CBA00E9B192 /* Project object */ = {
			isa = PBXProject;
			attributes = {
				LastUpgradeCheck = 1210;
				TargetAttributes = {
					13B07F861A680F5B00A75B9A = {
						LastSwiftMigration = 1120;
					};
				};
			};
			buildConfigurationList = 83CBB9FA1A601CBA00E9B192 /* Build configuration list for PBXProject "tallo" */;
			compatibilityVersion = "Xcode 12.0";
			developmentRegion = en;
			hasScannedForEncodings = 0;
			knownRegions = (
				en,
				Base,
			);
			mainGroup = 83CBB9F61A601CBA00E9B192;
			productRefGroup = 83CBBA001A601CBA00E9B192 /* Products */;
			projectDirPath = "";
			projectRoot = "";
			targets = (
				13B07F861A680F5B00A75B9A /* tallo */,
			);
		};
/* End PBXProject section */

/* Begin PBXResourcesBuildPhase section */
		13B07F8E1A680F5B00A75B9A /* Resources */ = {
			isa = PBXResourcesBuildPhase;
			buildActionMask = 2147483647;
			files = (
				81AB9BB82411601600AC10FF /* LaunchScreen.storyboard in Resources */,
				13B07FBF1A68108700A75B9A /* Images.xcassets in Resources */,
				B5FDC5213F3ED6A1997E7B66 /* PrivacyInfo.xcprivacy in Resources */,
				E0D600DEB0AF48FE94C4FA75 /* Poppins-Black.ttf in Resources */,
				88125D6B924C4FC2B15675FA /* Poppins-BlackItalic.ttf in Resources */,
				51EF9D39BD5E43F3898D554D /* Poppins-Bold.ttf in Resources */,
				CE230BCFE5E94BDCB77A3073 /* Poppins-BoldItalic.ttf in Resources */,
				B087C04C57B34560A2DD3794 /* Poppins-ExtraBold.ttf in Resources */,
				3A29FBE3F78D42D79331B745 /* Poppins-ExtraBoldItalic.ttf in Resources */,
				74E761FBB74D4747AF3FE372 /* Poppins-ExtraLight.ttf in Resources */,
				B4B42254DB3F4E289FA6505C /* Poppins-ExtraLightItalic.ttf in Resources */,
				07268A9F31234F3B87E14AF7 /* Poppins-Italic.ttf in Resources */,
				65474746C90D4289852E61DA /* Poppins-Light.ttf in Resources */,
				E7412BED394547839F048D05 /* Poppins-LightItalic.ttf in Resources */,
				163EF6B891434776AB5DFE87 /* Poppins-Medium.ttf in Resources */,
				8A9E8E74D5B04B57938FB7C8 /* Poppins-MediumItalic.ttf in Resources */,
				1EA8D0845B9B42589685026A /* Poppins-Regular.ttf in Resources */,
				B37DCE92CBF741B5BC5C136A /* Poppins-SemiBold.ttf in Resources */,
				649F746363914D91998A296D /* Poppins-SemiBoldItalic.ttf in Resources */,
				7CA5461250DF4F89ACC14DF6 /* Poppins-Thin.ttf in Resources */,
				B56B58CD9F184CA999646807 /* Poppins-ThinItalic.ttf in Resources */,
				0D0B5CA6884D4B41BFC336EA /* Roboto-Black.ttf in Resources */,
				03160C11191D4E53BA8F603A /* Roboto-Bold.ttf in Resources */,
				80ECAE69C7864425993DD1F3 /* Roboto-Light.ttf in Resources */,
				1A841FEF7E3C4C1F83ED2087 /* Roboto-Medium.ttf in Resources */,
				643318AC5D7D49C0B563F8FD /* Roboto-Regular.ttf in Resources */,
				C57FCC2E44604B0E8B60BA06 /* Roboto-Thin.ttf in Resources */,
				467EC9E426634745ADAD7D4D /* SimpleLineIcons.ttf in Resources */,
				7989E4340F88437DA5253C56 /* Zocial.ttf in Resources */,
			);
			runOnlyForDeploymentPostprocessing = 0;
		};
/* End PBXResourcesBuildPhase section */

/* Begin PBXShellScriptBuildPhase section */
		00DD1BFF1BD5951E006B06BC /* Bundle React Native code and images */ = {
			isa = PBXShellScriptBuildPhase;
			buildActionMask = 2147483647;
			files = (
			);
			inputPaths = (
				"$(SRCROOT)/.xcode.env.local",
				"$(SRCROOT)/.xcode.env",
			);
			name = "Bundle React Native code and images";
			outputPaths = (
			);
			runOnlyForDeploymentPostprocessing = 0;
			shellPath = /bin/sh;
			shellScript = "set -e\n\nWITH_ENVIRONMENT=\"$REACT_NATIVE_PATH/scripts/xcode/with-environment.sh\"\nREACT_NATIVE_XCODE=\"$REACT_NATIVE_PATH/scripts/react-native-xcode.sh\"\n\n/bin/sh -c \"$WITH_ENVIRONMENT $REACT_NATIVE_XCODE\"\n";
		};
		00EEFC60759A1932668264C0 /* [CP] Embed Pods Frameworks */ = {
			isa = PBXShellScriptBuildPhase;
			buildActionMask = 2147483647;
			files = (
			);
			inputFileListPaths = (
				"${PODS_ROOT}/Target Support Files/Pods-tallo/Pods-tallo-frameworks-${CONFIGURATION}-input-files.xcfilelist",
			);
			name = "[CP] Embed Pods Frameworks";
			outputFileListPaths = (
				"${PODS_ROOT}/Target Support Files/Pods-tallo/Pods-tallo-frameworks-${CONFIGURATION}-output-files.xcfilelist",
			);
			runOnlyForDeploymentPostprocessing = 0;
			shellPath = /bin/sh;
			shellScript = "\"${PODS_ROOT}/Target Support Files/Pods-tallo/Pods-tallo-frameworks.sh\"\n";
			showEnvVarsInLog = 0;
		};
		C38B50BA6285516D6DCD4F65 /* [CP] Check Pods Manifest.lock */ = {
			isa = PBXShellScriptBuildPhase;
			buildActionMask = 2147483647;
			files = (
			);
			inputFileListPaths = (
			);
			inputPaths = (
				"${PODS_PODFILE_DIR_PATH}/Podfile.lock",
				"${PODS_ROOT}/Manifest.lock",
			);
			name = "[CP] Check Pods Manifest.lock";
			outputFileListPaths = (
			);
			outputPaths = (
				"$(DERIVED_FILE_DIR)/Pods-tallo-checkManifestLockResult.txt",
			);
			runOnlyForDeploymentPostprocessing = 0;
			shellPath = /bin/sh;
			shellScript = "diff \"${PODS_PODFILE_DIR_PATH}/Podfile.lock\" \"${PODS_ROOT}/Manifest.lock\" > /dev/null\nif [ $? != 0 ] ; then\n    # print error to STDERR\n    echo \"error: The sandbox is not in sync with the Podfile.lock. Run 'pod install' or update your CocoaPods installation.\" >&2\n    exit 1\nfi\n# This output is used by Xcode 'outputs' to avoid re-running this script phase.\necho \"SUCCESS\" > \"${SCRIPT_OUTPUT_FILE_0}\"\n";
			showEnvVarsInLog = 0;
		};
		E235C05ADACE081382539298 /* [CP] Copy Pods Resources */ = {
			isa = PBXShellScriptBuildPhase;
			buildActionMask = 2147483647;
			files = (
			);
			inputFileListPaths = (
				"${PODS_ROOT}/Target Support Files/Pods-tallo/Pods-tallo-resources-${CONFIGURATION}-input-files.xcfilelist",
			);
			name = "[CP] Copy Pods Resources";
			outputFileListPaths = (
				"${PODS_ROOT}/Target Support Files/Pods-tallo/Pods-tallo-resources-${CONFIGURATION}-output-files.xcfilelist",
			);
			runOnlyForDeploymentPostprocessing = 0;
			shellPath = /bin/sh;
			shellScript = "\"${PODS_ROOT}/Target Support Files/Pods-tallo/Pods-tallo-resources.sh\"\n";
			showEnvVarsInLog = 0;
		};
/* End PBXShellScriptBuildPhase section */

/* Begin PBXSourcesBuildPhase section */
		13B07F871A680F5B00A75B9A /* Sources */ = {
			isa = PBXSourcesBuildPhase;
			buildActionMask = 2147483647;
			files = (
				761780ED2CA45674006654EE /* AppDelegate.swift in Sources */,
			);
			runOnlyForDeploymentPostprocessing = 0;
		};
/* End PBXSourcesBuildPhase section */

/* Begin XCBuildConfiguration section */
		13B07F941A680F5B00A75B9A /* Debug */ = {
			isa = XCBuildConfiguration;
			baseConfigurationReference = 3B4392A12AC88292D35C810B /* Pods-tallo.debug.xcconfig */;
			buildSettings = {
				ASSETCATALOG_COMPILER_APPICON_NAME = AppIcon;
				CLANG_ENABLE_MODULES = YES;
				CODE_SIGN_IDENTITY = "Apple Development";
				CODE_SIGN_STYLE = Automatic;
				CURRENT_PROJECT_VERSION = 1;
				DEVELOPMENT_TEAM = 4TJUN753L3;
				ENABLE_BITCODE = NO;
				INFOPLIST_FILE = tallo/Info.plist;
				IPHONEOS_DEPLOYMENT_TARGET = 15.1;
				LD_RUNPATH_SEARCH_PATHS = (
					"$(inherited)",
					"@executable_path/Frameworks",
				);
				MARKETING_VERSION = 1.0;
				OTHER_LDFLAGS = (
					"$(inherited)",
					"-ObjC",
					"-lc++",
				);
				PRODUCT_BUNDLE_IDENTIFIER = "org.example.--PRODUCT-NAME-identifier.com";
				PRODUCT_NAME = tallo;
				PROVISIONING_PROFILE_SPECIFIER = "";
				SWIFT_OPTIMIZATION_LEVEL = "-Onone";
				SWIFT_VERSION = 5.0;
				VERSIONING_SYSTEM = "apple-generic";
			};
			name = Debug;
		};
		13B07F951A680F5B00A75B9A /* Release */ = {
			isa = XCBuildConfiguration;
			baseConfigurationReference = 5709B34CF0A7D63546082F79 /* Pods-tallo.release.xcconfig */;
			buildSettings = {
				ASSETCATALOG_COMPILER_APPICON_NAME = AppIcon;
				CLANG_ENABLE_MODULES = YES;
				CODE_SIGN_IDENTITY = "Apple Development";
				CODE_SIGN_STYLE = Automatic;
				CURRENT_PROJECT_VERSION = 1;
				DEVELOPMENT_TEAM = 4TJUN753L3;
				INFOPLIST_FILE = tallo/Info.plist;
				IPHONEOS_DEPLOYMENT_TARGET = 15.1;
				LD_RUNPATH_SEARCH_PATHS = (
					"$(inherited)",
					"@executable_path/Frameworks",
				);
				MARKETING_VERSION = 1.0;
				OTHER_LDFLAGS = (
					"$(inherited)",
					"-ObjC",
					"-lc++",
				);
				PRODUCT_BUNDLE_IDENTIFIER = "org.example.--PRODUCT-NAME-identifier.com";
				PRODUCT_NAME = tallo;
				PROVISIONING_PROFILE_SPECIFIER = "";
				SWIFT_VERSION = 5.0;
				VERSIONING_SYSTEM = "apple-generic";
			};
			name = Release;
		};
		83CBBA201A601CBA00E9B192 /* Debug */ = {
			isa = XCBuildConfiguration;
			buildSettings = {
				ALWAYS_SEARCH_USER_PATHS = NO;
				CLANG_ANALYZER_LOCALIZABILITY_NONLOCALIZED = YES;
				CLANG_CXX_LANGUAGE_STANDARD = "c++20";
				CLANG_CXX_LIBRARY = "libc++";
				CLANG_ENABLE_MODULES = YES;
				CLANG_ENABLE_OBJC_ARC = YES;
				CLANG_WARN_BLOCK_CAPTURE_AUTORELEASING = YES;
				CLANG_WARN_BOOL_CONVERSION = YES;
				CLANG_WARN_COMMA = YES;
				CLANG_WARN_CONSTANT_CONVERSION = YES;
				CLANG_WARN_DEPRECATED_OBJC_IMPLEMENTATIONS = YES;
				CLANG_WARN_DIRECT_OBJC_ISA_USAGE = YES_ERROR;
				CLANG_WARN_EMPTY_BODY = YES;
				CLANG_WARN_ENUM_CONVERSION = YES;
				CLANG_WARN_INFINITE_RECURSION = YES;
				CLANG_WARN_INT_CONVERSION = YES;
				CLANG_WARN_NON_LITERAL_NULL_CONVERSION = YES;
				CLANG_WARN_OBJC_IMPLICIT_RETAIN_SELF = YES;
				CLANG_WARN_OBJC_LITERAL_CONVERSION = YES;
				CLANG_WARN_OBJC_ROOT_CLASS = YES_ERROR;
				CLANG_WARN_QUOTED_INCLUDE_IN_FRAMEWORK_HEADER = YES;
				CLANG_WARN_RANGE_LOOP_ANALYSIS = YES;
				CLANG_WARN_STRICT_PROTOTYPES = YES;
				CLANG_WARN_SUSPICIOUS_MOVE = YES;
				CLANG_WARN_UNREACHABLE_CODE = YES;
				CLANG_WARN__DUPLICATE_METHOD_MATCH = YES;
				"CODE_SIGN_IDENTITY[sdk=iphoneos*]" = "iPhone Developer";
				COPY_PHASE_STRIP = NO;
				ENABLE_STRICT_OBJC_MSGSEND = YES;
				ENABLE_TESTABILITY = YES;
				"EXCLUDED_ARCHS[sdk=iphonesimulator*]" = "";
				GCC_C_LANGUAGE_STANDARD = gnu99;
				GCC_DYNAMIC_NO_PIC = NO;
				GCC_NO_COMMON_BLOCKS = YES;
				GCC_OPTIMIZATION_LEVEL = 0;
				GCC_PREPROCESSOR_DEFINITIONS = (
					"DEBUG=1",
					"$(inherited)",
				);
				GCC_SYMBOLS_PRIVATE_EXTERN = NO;
				GCC_WARN_64_TO_32_BIT_CONVERSION = YES;
				GCC_WARN_ABOUT_RETURN_TYPE = YES_ERROR;
				GCC_WARN_UNDECLARED_SELECTOR = YES;
				GCC_WARN_UNINITIALIZED_AUTOS = YES_AGGRESSIVE;
				GCC_WARN_UNUSED_FUNCTION = YES;
				GCC_WARN_UNUSED_VARIABLE = YES;
				IPHONEOS_DEPLOYMENT_TARGET = 15.1;
				LD_RUNPATH_SEARCH_PATHS = (
					/usr/lib/swift,
					"$(inherited)",
				);
				LIBRARY_SEARCH_PATHS = (
					"\"$(SDKROOT)/usr/lib/swift\"",
					"\"$(TOOLCHAIN_DIR)/usr/lib/swift/$(PLATFORM_NAME)\"",
					"\"$(inherited)\"",
				);
				MTL_ENABLE_DEBUG_INFO = YES;
				ONLY_ACTIVE_ARCH = YES;
				OTHER_CPLUSPLUSFLAGS = (
					"$(OTHER_CFLAGS)",
					"-DFOLLY_NO_CONFIG",
					"-DFOLLY_MOBILE=1",
					"-DFOLLY_USE_LIBCPP=1",
					"-DFOLLY_CFG_NO_COROUTINES=1",
					"-DFOLLY_HAVE_CLOCK_GETTIME=1",
				);
				OTHER_LDFLAGS = (
					"$(inherited)",
					" ",
				);
				REACT_NATIVE_PATH = "${PODS_ROOT}/../../../node_modules/react-native";
				SDKROOT = iphoneos;
				SWIFT_ACTIVE_COMPILATION_CONDITIONS = "$(inherited) DEBUG";
				USE_HERMES = true;
			};
			name = Debug;
		};
		83CBBA211A601CBA00E9B192 /* Release */ = {
			isa = XCBuildConfiguration;
			buildSettings = {
				ALWAYS_SEARCH_USER_PATHS = NO;
				CLANG_ANALYZER_LOCALIZABILITY_NONLOCALIZED = YES;
				CLANG_CXX_LANGUAGE_STANDARD = "c++20";
				CLANG_CXX_LIBRARY = "libc++";
				CLANG_ENABLE_MODULES = YES;
				CLANG_ENABLE_OBJC_ARC = YES;
				CLANG_WARN_BLOCK_CAPTURE_AUTORELEASING = YES;
				CLANG_WARN_BOOL_CONVERSION = YES;
				CLANG_WARN_COMMA = YES;
				CLANG_WARN_CONSTANT_CONVERSION = YES;
				CLANG_WARN_DEPRECATED_OBJC_IMPLEMENTATIONS = YES;
				CLANG_WARN_DIRECT_OBJC_ISA_USAGE = YES_ERROR;
				CLANG_WARN_EMPTY_BODY = YES;
				CLANG_WARN_ENUM_CONVERSION = YES;
				CLANG_WARN_INFINITE_RECURSION = YES;
				CLANG_WARN_INT_CONVERSION = YES;
				CLANG_WARN_NON_LITERAL_NULL_CONVERSION = YES;
				CLANG_WARN_OBJC_IMPLICIT_RETAIN_SELF = YES;
				CLANG_WARN_OBJC_LITERAL_CONVERSION = YES;
				CLANG_WARN_OBJC_ROOT_CLASS = YES_ERROR;
				CLANG_WARN_QUOTED_INCLUDE_IN_FRAMEWORK_HEADER = YES;
				CLANG_WARN_RANGE_LOOP_ANALYSIS = YES;
				CLANG_WARN_STRICT_PROTOTYPES = YES;
				CLANG_WARN_SUSPICIOUS_MOVE = YES;
				CLANG_WARN_UNREACHABLE_CODE = YES;
				CLANG_WARN__DUPLICATE_METHOD_MATCH = YES;
				"CODE_SIGN_IDENTITY[sdk=iphoneos*]" = "iPhone Developer";
				COPY_PHASE_STRIP = YES;
				ENABLE_NS_ASSERTIONS = NO;
				ENABLE_STRICT_OBJC_MSGSEND = YES;
				"EXCLUDED_ARCHS[sdk=iphonesimulator*]" = "";
				GCC_C_LANGUAGE_STANDARD = gnu99;
				GCC_NO_COMMON_BLOCKS = YES;
				GCC_WARN_64_TO_32_BIT_CONVERSION = YES;
				GCC_WARN_ABOUT_RETURN_TYPE = YES_ERROR;
				GCC_WARN_UNDECLARED_SELECTOR = YES;
				GCC_WARN_UNINITIALIZED_AUTOS = YES_AGGRESSIVE;
				GCC_WARN_UNUSED_FUNCTION = YES;
				GCC_WARN_UNUSED_VARIABLE = YES;
				IPHONEOS_DEPLOYMENT_TARGET = 15.1;
				LD_RUNPATH_SEARCH_PATHS = (
					/usr/lib/swift,
					"$(inherited)",
				);
				LIBRARY_SEARCH_PATHS = (
					"\"$(SDKROOT)/usr/lib/swift\"",
					"\"$(TOOLCHAIN_DIR)/usr/lib/swift/$(PLATFORM_NAME)\"",
					"\"$(inherited)\"",
				);
				MTL_ENABLE_DEBUG_INFO = NO;
				OTHER_CPLUSPLUSFLAGS = (
					"$(OTHER_CFLAGS)",
					"-DFOLLY_NO_CONFIG",
					"-DFOLLY_MOBILE=1",
					"-DFOLLY_USE_LIBCPP=1",
					"-DFOLLY_CFG_NO_COROUTINES=1",
					"-DFOLLY_HAVE_CLOCK_GETTIME=1",
				);
				OTHER_LDFLAGS = (
					"$(inherited)",
					" ",
				);
				REACT_NATIVE_PATH = "${PODS_ROOT}/../../../node_modules/react-native";
				SDKROOT = iphoneos;
				USE_HERMES = true;
				VALIDATE_PRODUCT = YES;
			};
			name = Release;
		};
/* End XCBuildConfiguration section */

/* Begin XCConfigurationList section */
		13B07F931A680F5B00A75B9A /* Build configuration list for PBXNativeTarget "tallo" */ = {
			isa = XCConfigurationList;
			buildConfigurations = (
				13B07F941A680F5B00A75B9A /* Debug */,
				13B07F951A680F5B00A75B9A /* Release */,
			);
			defaultConfigurationIsVisible = 0;
			defaultConfigurationName = Release;
		};
		83CBB9FA1A601CBA00E9B192 /* Build configuration list for PBXProject "tallo" */ = {
			isa = XCConfigurationList;
			buildConfigurations = (
				83CBBA201A601CBA00E9B192 /* Debug */,
				83CBBA211A601CBA00E9B192 /* Release */,
			);
			defaultConfigurationIsVisible = 0;
			defaultConfigurationName = Release;
		};
/* End XCConfigurationList section */
	};
	rootObject = 83CBB9F71A601CBA00E9B192 /* Project object */;
}
